
Microsoft Visual Studio Solution File, Format Version 12.00
# Visual Studio Version 17
VisualStudioVersion = 17.1.32228.430
MinimumVisualStudioVersion = 10.0.40219.1
Project("{9A19103F-16F7-4668-BE54-9A1E7A4F7556}") = "testesDonaMariana.WinApp", "testesDonaMariana.WinApp\testesDonaMariana.WinApp.csproj", "{2DA4DB75-74EA-4569-A416-ADF96A5A5058}"
EndProject
Project("{9A19103F-16F7-4668-BE54-9A1E7A4F7556}") = "testesDonaMriana.Controlador", "testesDonaMriana.Controlador\testesDonaMriana.Controlador.csproj", "{887DDFC4-D169-40F8-8732-7EE4E2EF7085}"
EndProject
Project("{9A19103F-16F7-4668-BE54-9A1E7A4F7556}") = "TestesDonaMariana.Serializador", "TestesDonaMariana.Serializador\TestesDonaMariana.Serializador.csproj", "{F2EC1306-E772-48E7-A708-89942A1B3D07}"
EndProject
Project("{FAE04EC0-301F-11D3-BF4B-00C04F79EFBC}") = "TestesDonaMariana.DataBase", "TestesDonaMariana.DataBase\TestesDonaMariana.DataBase.csproj", "{0EE687F7-C282-4126-A776-F2765562C44B}"
EndProject
Project("{9A19103F-16F7-4668-BE54-9A1E7A4F7556}") = "testesDonaMariana.WinApp.Db", "testesDonaMariana.WinApp.Db\testesDonaMariana.WinApp.Db.csproj", "{17D841A8-64C8-496B-965E-94CA0595182C}"
EndProject
Project("{2150E333-8FDC-42A3-9474-1A3956D46DE8}") = "Nova Implementacao", "Nova Implementacao", "{0E0EA38C-E96C-4F9B-BB9E-9E0E622031EC}"
EndProject
Project("{9A19103F-16F7-4668-BE54-9A1E7A4F7556}") = "testesDonaMriana.Controlador.Db", "testesDonaMriana.Controlador.Db\testesDonaMriana.Controlador.Db.csproj", "{2AC7C086-E3D8-4EB5-BC9D-98896A8DA313}"
EndProject
Project("{2150E333-8FDC-42A3-9474-1A3956D46DE8}") = "Z - Implementacao Antiga", "Z - Implementacao Antiga", "{5F4EC6A0-DEAE-4380-A2A9-8B3F186EBE87}"
EndProject
Project("{9A19103F-16F7-4668-BE54-9A1E7A4F7556}") = "TestesDonaMariana.Domain", "testesDonaMariana.Dominio\TestesDonaMariana.Domain.csproj", "{21B26F5F-0129-4F34-8B20-3CA0A3ED83FB}"
EndProject
Global
	GlobalSection(SolutionConfigurationPlatforms) = preSolution
		Debug|Any CPU = Debug|Any CPU
		Release|Any CPU = Release|Any CPU
	EndGlobalSection
	GlobalSection(ProjectConfigurationPlatforms) = postSolution
		{2DA4DB75-74EA-4569-A416-ADF96A5A5058}.Debug|Any CPU.ActiveCfg = Debug|Any CPU
		{2DA4DB75-74EA-4569-A416-ADF96A5A5058}.Debug|Any CPU.Build.0 = Debug|Any CPU
		{2DA4DB75-74EA-4569-A416-ADF96A5A5058}.Release|Any CPU.ActiveCfg = Release|Any CPU
		{2DA4DB75-74EA-4569-A416-ADF96A5A5058}.Release|Any CPU.Build.0 = Release|Any CPU
		{887DDFC4-D169-40F8-8732-7EE4E2EF7085}.Debug|Any CPU.ActiveCfg = Debug|Any CPU
		{887DDFC4-D169-40F8-8732-7EE4E2EF7085}.Debug|Any CPU.Build.0 = Debug|Any CPU
		{887DDFC4-D169-40F8-8732-7EE4E2EF7085}.Release|Any CPU.ActiveCfg = Release|Any CPU
		{887DDFC4-D169-40F8-8732-7EE4E2EF7085}.Release|Any CPU.Build.0 = Release|Any CPU
		{F2EC1306-E772-48E7-A708-89942A1B3D07}.Debug|Any CPU.ActiveCfg = Debug|Any CPU
		{F2EC1306-E772-48E7-A708-89942A1B3D07}.Debug|Any CPU.Build.0 = Debug|Any CPU
		{F2EC1306-E772-48E7-A708-89942A1B3D07}.Release|Any CPU.ActiveCfg = Release|Any CPU
		{F2EC1306-E772-48E7-A708-89942A1B3D07}.Release|Any CPU.Build.0 = Release|Any CPU
		{0EE687F7-C282-4126-A776-F2765562C44B}.Debug|Any CPU.ActiveCfg = Debug|Any CPU
		{0EE687F7-C282-4126-A776-F2765562C44B}.Debug|Any CPU.Build.0 = Debug|Any CPU
		{0EE687F7-C282-4126-A776-F2765562C44B}.Release|Any CPU.ActiveCfg = Release|Any CPU
		{0EE687F7-C282-4126-A776-F2765562C44B}.Release|Any CPU.Build.0 = Release|Any CPU
		{17D841A8-64C8-496B-965E-94CA0595182C}.Debug|Any CPU.ActiveCfg = Debug|Any CPU
		{17D841A8-64C8-496B-965E-94CA0595182C}.Debug|Any CPU.Build.0 = Debug|Any CPU
		{17D841A8-64C8-496B-965E-94CA0595182C}.Release|Any CPU.ActiveCfg = Release|Any CPU
		{17D841A8-64C8-496B-965E-94CA0595182C}.Release|Any CPU.Build.0 = Release|Any CPU
		{2AC7C086-E3D8-4EB5-BC9D-98896A8DA313}.Debug|Any CPU.ActiveCfg = Debug|Any CPU
		{2AC7C086-E3D8-4EB5-BC9D-98896A8DA313}.Debug|Any CPU.Build.0 = Debug|Any CPU
		{2AC7C086-E3D8-4EB5-BC9D-98896A8DA313}.Release|Any CPU.ActiveCfg = Release|Any CPU
		{2AC7C086-E3D8-4EB5-BC9D-98896A8DA313}.Release|Any CPU.Build.0 = Release|Any CPU
		{21B26F5F-0129-4F34-8B20-3CA0A3ED83FB}.Debug|Any CPU.ActiveCfg = Debug|Any CPU
		{21B26F5F-0129-4F34-8B20-3CA0A3ED83FB}.Debug|Any CPU.Build.0 = Debug|Any CPU
		{21B26F5F-0129-4F34-8B20-3CA0A3ED83FB}.Release|Any CPU.ActiveCfg = Release|Any CPU
		{21B26F5F-0129-4F34-8B20-3CA0A3ED83FB}.Release|Any CPU.Build.0 = Release|Any CPU
	EndGlobalSection
	GlobalSection(SolutionProperties) = preSolution
		HideSolutionNode = FALSE
	EndGlobalSection
	GlobalSection(NestedProjects) = preSolution
		{2DA4DB75-74EA-4569-A416-ADF96A5A5058} = {5F4EC6A0-DEAE-4380-A2A9-8B3F186EBE87}
		{887DDFC4-D169-40F8-8732-7EE4E2EF7085} = {5F4EC6A0-DEAE-4380-A2A9-8B3F186EBE87}
		{F2EC1306-E772-48E7-A708-89942A1B3D07} = {5F4EC6A0-DEAE-4380-A2A9-8B3F186EBE87}
		{0EE687F7-C282-4126-A776-F2765562C44B} = {0E0EA38C-E96C-4F9B-BB9E-9E0E622031EC}
		{17D841A8-64C8-496B-965E-94CA0595182C} = {0E0EA38C-E96C-4F9B-BB9E-9E0E622031EC}
		{2AC7C086-E3D8-4EB5-BC9D-98896A8DA313} = {0E0EA38C-E96C-4F9B-BB9E-9E0E622031EC}
		{21B26F5F-0129-4F34-8B20-3CA0A3ED83FB} = {5F4EC6A0-DEAE-4380-A2A9-8B3F186EBE87}
	EndGlobalSection
	GlobalSection(ExtensibilityGlobals) = postSolution
		SolutionGuid = {E1282634-7DAC-43DA-BA8E-5B4339A65167}
	EndGlobalSection
EndGlobal
